
Microsoft Visual Studio Solution File, Format Version 12.00
# Visual Studio Version 16
VisualStudioVersion = 16.0.31205.134
MinimumVisualStudioVersion = 10.0.40219.1
Project("{FAE04EC0-301F-11D3-BF4B-00C04F79EFBC}") = "HLSLForCSharpExample", "HLSLForCSharpExample\HLSLForCSharpExample.csproj", "{FA984760-114B-4232-8FA9-29C67978C1B2}"
EndProject
Project("{FAE04EC0-301F-11D3-BF4B-00C04F79EFBC}") = "HLSLForCSharp", "HLSLForCSharp\HLSLForCSharp.csproj", "{B2D4F52C-0905-4FBF-9A3B-7C59F96FE4EE}"
EndProject
Global
	GlobalSection(SolutionConfigurationPlatforms) = preSolution
		Debug|Any CPU = Debug|Any CPU
		Debug|x64 = Debug|x64
		Debug|x86 = Debug|x86
		Release|Any CPU = Release|Any CPU
		Release|x64 = Release|x64
		Release|x86 = Release|x86
	EndGlobalSection
	GlobalSection(ProjectConfigurationPlatforms) = postSolution
		{FA984760-114B-4232-8FA9-29C67978C1B2}.Debug|Any CPU.ActiveCfg = Debug|Any CPU
		{FA984760-114B-4232-8FA9-29C67978C1B2}.Debug|Any CPU.Build.0 = Debug|Any CPU
		{FA984760-114B-4232-8FA9-29C67978C1B2}.Debug|x64.ActiveCfg = Debug|Any CPU
		{FA984760-114B-4232-8FA9-29C67978C1B2}.Debug|x64.Build.0 = Debug|Any CPU
		{FA984760-114B-4232-8FA9-29C67978C1B2}.Debug|x86.ActiveCfg = Debug|Any CPU
		{FA984760-114B-4232-8FA9-29C67978C1B2}.Debug|x86.Build.0 = Debug|Any CPU
		{FA984760-114B-4232-8FA9-29C67978C1B2}.Release|Any CPU.ActiveCfg = Release|Any CPU
		{FA984760-114B-4232-8FA9-29C67978C1B2}.Release|Any CPU.Build.0 = Release|Any CPU
		{FA984760-114B-4232-8FA9-29C67978C1B2}.Release|x64.ActiveCfg = Release|Any CPU
		{FA984760-114B-4232-8FA9-29C67978C1B2}.Release|x64.Build.0 = Release|Any CPU
		{FA984760-114B-4232-8FA9-29C67978C1B2}.Release|x86.ActiveCfg = Release|Any CPU
		{FA984760-114B-4232-8FA9-29C67978C1B2}.Release|x86.Build.0 = Release|Any CPU
		{B2D4F52C-0905-4FBF-9A3B-7C59F96FE4EE}.Debug|Any CPU.ActiveCfg = Debug|Any CPU
		{B2D4F52C-0905-4FBF-9A3B-7C59F96FE4EE}.Debug|Any CPU.Build.0 = Debug|Any CPU
		{B2D4F52C-0905-4FBF-9A3B-7C59F96FE4EE}.Debug|x64.ActiveCfg = Debug|Any CPU
		{B2D4F52C-0905-4FBF-9A3B-7C59F96FE4EE}.Debug|x64.Build.0 = Debug|Any CPU
		{B2D4F52C-0905-4FBF-9A3B-7C59F96FE4EE}.Debug|x86.ActiveCfg = Debug|Any CPU
		{B2D4F52C-0905-4FBF-9A3B-7C59F96FE4EE}.Debug|x86.Build.0 = Debug|Any CPU
		{B2D4F52C-0905-4FBF-9A3B-7C59F96FE4EE}.Release|Any CPU.ActiveCfg = Release|Any CPU
		{B2D4F52C-0905-4FBF-9A3B-7C59F96FE4EE}.Release|Any CPU.Build.0 = Release|Any CPU
		{B2D4F52C-0905-4FBF-9A3B-7C59F96FE4EE}.Release|x64.ActiveCfg = Release|Any CPU
		{B2D4F52C-0905-4FBF-9A3B-7C59F96FE4EE}.Release|x64.Build.0 = Release|Any CPU
		{B2D4F52C-0905-4FBF-9A3B-7C59F96FE4EE}.Release|x86.ActiveCfg = Release|Any CPU
		{B2D4F52C-0905-4FBF-9A3B-7C59F96FE4EE}.Release|x86.Build.0 = Release|Any CPU
	EndGlobalSection
	GlobalSection(SolutionProperties) = preSolution
		HideSolutionNode = FALSE
	EndGlobalSection
	GlobalSection(ExtensibilityGlobals) = postSolution
		SolutionGuid = {7F099C3C-93D9-4522-B701-F7712E8FAE2C}
	EndGlobalSection
EndGlobal
